
Microsoft Visual Studio Solution File, Format Version 12.00
# Visual Studio Version 17
VisualStudioVersion = 17.14.36511.14 d17.14
MinimumVisualStudioVersion = 10.0.40219.1
Project("{FAE04EC0-301F-11D3-BF4B-00C04F79EFBC}") = "AppointmentApp.Web", "AppointmentApp.Web\AppointmentApp.Web.csproj", "{9F08F855-A021-428E-BD4F-877E1D7CC27D}"
EndProject
Global
	GlobalSection(SolutionConfigurationPlatforms) = preSolution
		Debug|Any CPU = Debug|Any CPU
		Release|Any CPU = Release|Any CPU
	EndGlobalSection
	GlobalSection(ProjectConfigurationPlatforms) = postSolution
		{9F08F855-A021-428E-BD4F-877E1D7CC27D}.Debug|Any CPU.ActiveCfg = Debug|Any CPU
		{9F08F855-A021-428E-BD4F-877E1D7CC27D}.Debug|Any CPU.Build.0 = Debug|Any CPU
		{9F08F855-A021-428E-BD4F-877E1D7CC27D}.Release|Any CPU.ActiveCfg = Release|Any CPU
		{9F08F855-A021-428E-BD4F-877E1D7CC27D}.Release|Any CPU.Build.0 = Release|Any CPU
	EndGlobalSection
	GlobalSection(SolutionProperties) = preSolution
		HideSolutionNode = FALSE
	EndGlobalSection
	GlobalSection(ExtensibilityGlobals) = postSolution
		SolutionGuid = {2DBF0638-C8A9-4632-9BA4-964B68645EED}
	EndGlobalSection
EndGlobal
